
Microsoft Visual Studio Solution File, Format Version 12.00
# Visual Studio Version 16
VisualStudioVersion = 25.0.1700.0
MinimumVisualStudioVersion = 10.0.40219.1
Project("{FAE04EC0-301F-11D3-BF4B-00C04F79EFBC}") = "challenge", "challenge\challenge.csproj", "{73FA843A-6FC2-40C3-B1A4-2CF2472DB2C8}"
EndProject
Global
	GlobalSection(SolutionConfigurationPlatforms) = preSolution
		Debug|Any CPU = Debug|Any CPU
		Release|Any CPU = Release|Any CPU
	EndGlobalSection
	GlobalSection(ProjectConfigurationPlatforms) = postSolution
		{73FA843A-6FC2-40C3-B1A4-2CF2472DB2C8}.Debug|Any CPU.ActiveCfg = Debug|Any CPU
		{73FA843A-6FC2-40C3-B1A4-2CF2472DB2C8}.Debug|Any CPU.Build.0 = Debug|Any CPU
		{73FA843A-6FC2-40C3-B1A4-2CF2472DB2C8}.Release|Any CPU.ActiveCfg = Release|Any CPU
		{73FA843A-6FC2-40C3-B1A4-2CF2472DB2C8}.Release|Any CPU.Build.0 = Release|Any CPU
	EndGlobalSection
	GlobalSection(SolutionProperties) = preSolution
		HideSolutionNode = FALSE
	EndGlobalSection
	GlobalSection(ExtensibilityGlobals) = postSolution
		SolutionGuid = {F1708B20-1013-4A7D-A497-4B49981544D1}
	EndGlobalSection
EndGlobal
